
Microsoft Visual Studio Solution File, Format Version 12.00
# Visual Studio Version 16
VisualStudioVersion = 16.0.32106.194
MinimumVisualStudioVersion = 10.0.40219.1
Project("{FAE04EC0-301F-11D3-BF4B-00C04F79EFBC}") = "WomenChama", "WomenChama\WomenChama.csproj", "{3FE28CC7-26BA-4A4A-81C1-5DD4F2C6FD0C}"
EndProject
Global
	GlobalSection(SolutionConfigurationPlatforms) = preSolution
		Debug|Any CPU = Debug|Any CPU
		Release|Any CPU = Release|Any CPU
	EndGlobalSection
	GlobalSection(ProjectConfigurationPlatforms) = postSolution
		{3FE28CC7-26BA-4A4A-81C1-5DD4F2C6FD0C}.Debug|Any CPU.ActiveCfg = Debug|Any CPU
		{3FE28CC7-26BA-4A4A-81C1-5DD4F2C6FD0C}.Debug|Any CPU.Build.0 = Debug|Any CPU
		{3FE28CC7-26BA-4A4A-81C1-5DD4F2C6FD0C}.Release|Any CPU.ActiveCfg = Release|Any CPU
		{3FE28CC7-26BA-4A4A-81C1-5DD4F2C6FD0C}.Release|Any CPU.Build.0 = Release|Any CPU
	EndGlobalSection
	GlobalSection(SolutionProperties) = preSolution
		HideSolutionNode = FALSE
	EndGlobalSection
	GlobalSection(ExtensibilityGlobals) = postSolution
		SolutionGuid = {4B1D2262-6CAF-405B-A2D6-75C2F774ACB3}
	EndGlobalSection
EndGlobal
